
Microsoft Visual Studio Solution File, Format Version 12.00
# Visual Studio Version 16
VisualStudioVersion = 16.0.30114.105
MinimumVisualStudioVersion = 10.0.40219.1
Project("{FAE04EC0-301F-11D3-BF4B-00C04F79EFBC}") = "Final_Test", "Final_Test.csproj", "{43CB902E-5EEB-4895-809F-714FB9BE9186}"
EndProject
Global
	GlobalSection(SolutionConfigurationPlatforms) = preSolution
		Debug|Any CPU = Debug|Any CPU
		Release|Any CPU = Release|Any CPU
	EndGlobalSection
	GlobalSection(ProjectConfigurationPlatforms) = postSolution
		{43CB902E-5EEB-4895-809F-714FB9BE9186}.Debug|Any CPU.ActiveCfg = Debug|Any CPU
		{43CB902E-5EEB-4895-809F-714FB9BE9186}.Debug|Any CPU.Build.0 = Debug|Any CPU
		{43CB902E-5EEB-4895-809F-714FB9BE9186}.Release|Any CPU.ActiveCfg = Release|Any CPU
		{43CB902E-5EEB-4895-809F-714FB9BE9186}.Release|Any CPU.Build.0 = Release|Any CPU
	EndGlobalSection
	GlobalSection(SolutionProperties) = preSolution
		HideSolutionNode = FALSE
	EndGlobalSection
	GlobalSection(ExtensibilityGlobals) = postSolution
		SolutionGuid = {C84BBF6C-9F4C-4669-B55D-B1B8722B7B4D}
	EndGlobalSection
EndGlobal
